
Microsoft Visual Studio Solution File, Format Version 12.00
# Visual Studio Version 16
VisualStudioVersion = 16.0.31624.102
MinimumVisualStudioVersion = 10.0.40219.1
Project("{8BC9CEB8-8B4A-11D0-8D11-00A0C91BC942}") = "CUDAGLFW", "..\..\CUDAGLFW\CUDAGLFW.vcxproj", "{11933CB9-061F-4CE6-9210-F7F5B95EAFC3}"
EndProject
Project("{8BC9CEB8-8B4A-11D0-8D11-00A0C91BC942}") = "RayTracingTheNextWeekCUDA", "RayTracingTheNextWeekCUDA.vcxproj", "{E45A458B-56C8-45E4-B351-5E143526518F}"
EndProject
Global
	GlobalSection(SolutionConfigurationPlatforms) = preSolution
		Debug|x64 = Debug|x64
		Debug|x86 = Debug|x86
		GPU-Realtime|x64 = GPU-Realtime|x64
		GPU-Realtime|x86 = GPU-Realtime|x86
		GPU-Realtime-Debug|x64 = GPU-Realtime-Debug|x64
		GPU-Realtime-Debug|x86 = GPU-Realtime-Debug|x86
		Release|x64 = Release|x64
		Release|x86 = Release|x86
	EndGlobalSection
	GlobalSection(ProjectConfigurationPlatforms) = postSolution
		{11933CB9-061F-4CE6-9210-F7F5B95EAFC3}.Debug|x64.ActiveCfg = Debug|x64
		{11933CB9-061F-4CE6-9210-F7F5B95EAFC3}.Debug|x64.Build.0 = Debug|x64
		{11933CB9-061F-4CE6-9210-F7F5B95EAFC3}.Debug|x86.ActiveCfg = Debug|x64
		{11933CB9-061F-4CE6-9210-F7F5B95EAFC3}.GPU-Realtime|x64.ActiveCfg = Debug|x64
		{11933CB9-061F-4CE6-9210-F7F5B95EAFC3}.GPU-Realtime|x64.Build.0 = Debug|x64
		{11933CB9-061F-4CE6-9210-F7F5B95EAFC3}.GPU-Realtime|x86.ActiveCfg = Debug|x64
		{11933CB9-061F-4CE6-9210-F7F5B95EAFC3}.GPU-Realtime|x86.Build.0 = Debug|x64
		{11933CB9-061F-4CE6-9210-F7F5B95EAFC3}.GPU-Realtime-Debug|x64.ActiveCfg = Debug|x64
		{11933CB9-061F-4CE6-9210-F7F5B95EAFC3}.GPU-Realtime-Debug|x64.Build.0 = Debug|x64
		{11933CB9-061F-4CE6-9210-F7F5B95EAFC3}.GPU-Realtime-Debug|x86.ActiveCfg = Debug|x64
		{11933CB9-061F-4CE6-9210-F7F5B95EAFC3}.GPU-Realtime-Debug|x86.Build.0 = Debug|x64
		{11933CB9-061F-4CE6-9210-F7F5B95EAFC3}.Release|x64.ActiveCfg = Release|x64
		{11933CB9-061F-4CE6-9210-F7F5B95EAFC3}.Release|x64.Build.0 = Release|x64
		{11933CB9-061F-4CE6-9210-F7F5B95EAFC3}.Release|x86.ActiveCfg = Release|x64
		{E45A458B-56C8-45E4-B351-5E143526518F}.Debug|x64.ActiveCfg = Debug|x64
		{E45A458B-56C8-45E4-B351-5E143526518F}.Debug|x64.Build.0 = Debug|x64
		{E45A458B-56C8-45E4-B351-5E143526518F}.Debug|x86.ActiveCfg = Debug|x64
		{E45A458B-56C8-45E4-B351-5E143526518F}.GPU-Realtime|x64.ActiveCfg = GPU-Realtime|x64
		{E45A458B-56C8-45E4-B351-5E143526518F}.GPU-Realtime|x64.Build.0 = GPU-Realtime|x64
		{E45A458B-56C8-45E4-B351-5E143526518F}.GPU-Realtime|x86.ActiveCfg = GPU-Realtime|x64
		{E45A458B-56C8-45E4-B351-5E143526518F}.GPU-Realtime-Debug|x64.ActiveCfg = GPU-Realtime-Debug|x64
		{E45A458B-56C8-45E4-B351-5E143526518F}.GPU-Realtime-Debug|x64.Build.0 = GPU-Realtime-Debug|x64
		{E45A458B-56C8-45E4-B351-5E143526518F}.GPU-Realtime-Debug|x86.ActiveCfg = GPU-Realtime-Debug|x64
		{E45A458B-56C8-45E4-B351-5E143526518F}.Release|x64.ActiveCfg = Release|x64
		{E45A458B-56C8-45E4-B351-5E143526518F}.Release|x64.Build.0 = Release|x64
		{E45A458B-56C8-45E4-B351-5E143526518F}.Release|x86.ActiveCfg = Release|x64
	EndGlobalSection
	GlobalSection(SolutionProperties) = preSolution
		HideSolutionNode = FALSE
	EndGlobalSection
	GlobalSection(ExtensibilityGlobals) = postSolution
		SolutionGuid = {8DB5538A-191E-4749-BFAB-50D213268BEA}
	EndGlobalSection
EndGlobal
